<?xml version="1.0" encoding="utf-8"?>
<Project ToolsVersion="4.0" xmlns:atg="http://atg.xbox.com" xmlns="http://schemas.microsoft.com/developer/msbuild/2003">
  <ItemGroup>
    <Filter Include="include">
      <UniqueIdentifier>{bef801e7-3163-4740-a3e1-157a3d0a3ca2}</UniqueIdentifier>
    </Filter>
    <Filter Include="Framework">
      <UniqueIdentifier>{e3c14d45-357f-468f-bf34-9e62afc66330}</UniqueIdentifier>
    </Filter>
    <Filter Include="include\DXTex">
      <UniqueIdentifier>{5c694ef2-4948-4424-b1fb-93f9a949649e}</UniqueIdentifier>
    </Filter>
    <Filter Include="include\DXTex\include">
      <UniqueIdentifier>{fcc90a4b-27ed-4e27-9508-10a04c8f6f82}</UniqueIdentifier>
    </Filter>
    <Filter Include="include\DXTex\lib">
      <UniqueIdentifier>{cbc43a5b-3898-4487-903e-6f3d4a784c96}</UniqueIdentifier>
    </Filter>
    <Filter Include="include\Wwise">
      <UniqueIdentifier>{75ad9827-a20c-48c9-bc8a-4572bb0f79c2}</UniqueIdentifier>
    </Filter>
    <Filter Include="include\Wwise\AKSamples">
      <UniqueIdentifier>{8ebae8f1-43e1-4ffd-9441-47b8af8aacca}</UniqueIdentifier>
    </Filter>
    <Filter Include="include\Wwise\AKSamples\SoundEngine">
      <UniqueIdentifier>{b552caf8-3341-4d32-ad5e-19787c54d097}</UniqueIdentifier>
    </Filter>
    <Filter Include="include\Wwise\AKSamples\SoundEngine\Common">
      <UniqueIdentifier>{2ef02ce1-7a99-4614-8b53-d7fb8ebfa73c}</UniqueIdentifier>
    </Filter>
    <Filter Include="include\Wwise\AKSamples\SoundEngine\Win32">
      <UniqueIdentifier>{505ac8ea-50f1-4718-86a0-4f6d9ef88cf9}</UniqueIdentifier>
    </Filter>
    <Filter Include="src">
      <UniqueIdentifier>{67a41f28-9759-47d6-ab42-66e90499f213}</UniqueIdentifier>
    </Filter>
    <Filter Include="src\Model">
      <UniqueIdentifier>{0377c4e8-3072-445b-ab53-b04373828c75}</UniqueIdentifier>
    </Filter>
    <Filter Include="src\Model\Models">
      <UniqueIdentifier>{23477392-6b83-45fa-80f0-e912baac8748}</UniqueIdentifier>
    </Filter>
    <Filter Include="src\GameObject">
      <UniqueIdentifier>{24425c64-856d-47ba-9706-6d108fcecaa6}</UniqueIdentifier>
    </Filter>
    <Filter Include="src\Texture">
      <UniqueIdentifier>{44edc8fd-a450-4f67-b23f-ab5b075a7ef0}</UniqueIdentifier>
    </Filter>
    <Filter Include="src\GraphicsObject">
      <UniqueIdentifier>{3b3676d6-87b3-44b1-87e3-b6b0f11b2c48}</UniqueIdentifier>
    </Filter>
    <Filter Include="src\Material">
      <UniqueIdentifier>{16d65da1-c54f-4ea1-b99e-e6dc82cd4194}</UniqueIdentifier>
    </Filter>
    <Filter Include="src\Lighting">
      <UniqueIdentifier>{4557dca5-44be-4c3c-9481-635d4c358351}</UniqueIdentifier>
    </Filter>
    <Filter Include="src\Reflection">
      <UniqueIdentifier>{043a840b-39f6-4000-83fb-667816912706}</UniqueIdentifier>
    </Filter>
    <Filter Include="src\Camera">
      <UniqueIdentifier>{97168b11-cf39-4b1c-832e-4b23d69207c7}</UniqueIdentifier>
    </Filter>
    <Filter Include="src\Audio">
      <UniqueIdentifier>{bc6df8d5-c3f2-4220-879a-3c4113d0cd73}</UniqueIdentifier>
    </Filter>
    <Filter Include="src\Audio\AudioThread">
      <UniqueIdentifier>{4a37ac24-8f20-4f5f-ab87-7cdcf5498d21}</UniqueIdentifier>
    </Filter>
    <Filter Include="src\Audio\AudioThread\Commands">
      <UniqueIdentifier>{e7a4d307-807e-4d7d-af73-890ed92ca9d5}</UniqueIdentifier>
    </Filter>
    <Filter Include="src\Audio\AudioThread\Commands\Callback">
      <UniqueIdentifier>{a6088382-d5dc-48cb-977e-efc4f949ff29}</UniqueIdentifier>
    </Filter>
    <Filter Include="src\Audio\GameThread">
      <UniqueIdentifier>{bbce0c95-9d9a-4fd9-93e6-f7b5b298acac}</UniqueIdentifier>
    </Filter>
    <Filter Include="src\Audio\GameThread\RTPC">
      <UniqueIdentifier>{b9a110ea-f9e5-4408-a720-81225363bd20}</UniqueIdentifier>
    </Filter>
    <Filter Include="src\Audio\GameThread\RTPC\Commands">
      <UniqueIdentifier>{eeb5ed59-ad45-4667-8863-aee180aa3c65}</UniqueIdentifier>
    </Filter>
    <Filter Include="src\App">
      <UniqueIdentifier>{2b220d25-da3f-4235-b289-0c75799ee22c}</UniqueIdentifier>
    </Filter>
    <Filter Include="src\File">
      <UniqueIdentifier>{53e4e264-c3df-437e-a40d-223ebd146627}</UniqueIdentifier>
    </Filter>
    <Filter Include="src\File\FileThread">
      <UniqueIdentifier>{fce9348f-6297-4c06-aef3-b38e8962a2ef}</UniqueIdentifier>
    </Filter>
    <Filter Include="src\File\CoordinatorThread">
      <UniqueIdentifier>{4f41b575-dd08-4474-8e98-ad1abb0f4c9d}</UniqueIdentifier>
    </Filter>
    <Filter Include="src\File\Commands">
      <UniqueIdentifier>{c9356fb9-f83b-4314-a4cc-696a6b42b66f}</UniqueIdentifier>
    </Filter>
    <Filter Include="src\GameObject\GameObjects">
      <UniqueIdentifier>{27a0b3f8-5610-4d72-b779-d79aa88e1198}</UniqueIdentifier>
    </Filter>
    <Filter Include="src\Lighting\Commands">
      <UniqueIdentifier>{e9a1b499-2b89-4538-b01a-1908a071a942}</UniqueIdentifier>
    </Filter>
    <Filter Include="src\Lighting\Controller">
      <UniqueIdentifier>{b842b61a-16e5-44e8-a877-11cd29d39c57}</UniqueIdentifier>
    </Filter>
    <Filter Include="src\Model\Mesh">
      <UniqueIdentifier>{8215819b-7db8-4359-94ad-31c2b2ffb1b2}</UniqueIdentifier>
    </Filter>
    <Filter Include="src\Audio\AudioThread\Plugin">
      <UniqueIdentifier>{27d5f3d2-5990-49cf-be28-71a94a24c53f}</UniqueIdentifier>
    </Filter>
    <Filter Include="src\Shader">
      <UniqueIdentifier>{27c8bd0a-4c6a-4429-86c2-23eab37eabbc}</UniqueIdentifier>
    </Filter>
    <Filter Include="src\Shader\ShaderObjects">
      <UniqueIdentifier>{e22a39fc-6069-460e-ae88-b744ab80336a}</UniqueIdentifier>
    </Filter>
    <Filter Include="src\Shader\ShaderObjects\Audio">
      <UniqueIdentifier>{45d5383d-aa57-420e-a7d9-f551d600591b}</UniqueIdentifier>
    </Filter>
    <Filter Include="src\Util">
      <UniqueIdentifier>{c6b91704-0352-4999-90a6-1edb274c4c0c}</UniqueIdentifier>
    </Filter>
    <Filter Include="src\Shader\CBuffer">
      <UniqueIdentifier>{25a18d79-0825-43f2-92e5-89f421caafb1}</UniqueIdentifier>
    </Filter>
    <Filter Include="resource">
      <UniqueIdentifier>{8e114980-c1a3-4ada-ad7c-83caadf5daeb}</UniqueIdentifier>
      <Extensions>rc;ico;cur;bmp;dlg;rc2;rct;bin;rgs;gif;jpg;jpeg;jpe</Extensions>
    </Filter>
    <Filter Include="src\Proto">
      <UniqueIdentifier>{5aa94a6b-5aa3-47ea-b590-22eebbeebf3d}</UniqueIdentifier>
    </Filter>
    <Filter Include="Protos">
      <UniqueIdentifier>{7e2d24d7-832a-4e44-91c0-f4eebfeac944}</UniqueIdentifier>
    </Filter>
  </ItemGroup>
  <ItemGroup>
    <ClCompile Include="..\include\Wwise\AKSamples\SoundEngine\Win32\AkDefaultIOHookDeferred.cpp">
      <Filter>include\Wwise\AKSamples\SoundEngine\Win32</Filter>
    </ClCompile>
    <ClCompile Include="..\include\Wwise\AKSamples\SoundEngine\Win32\AkPlatformProfilerHooks.cpp">
      <Filter>include\Wwise\AKSamples\SoundEngine\Win32</Filter>
    </ClCompile>
    <ClCompile Include="..\include\Wwise\AKSamples\SoundEngine\Win32\stdafx.cpp">
      <Filter>include\Wwise\AKSamples\SoundEngine\Win32</Filter>
    </ClCompile>
    <ClCompile Include="..\include\Wwise\AKSamples\SoundEngine\Common\AkDefaultLowLevelIODispatcher.cpp">
      <Filter>include\Wwise\AKSamples\SoundEngine\Common</Filter>
    </ClCompile>
    <ClCompile Include="..\include\Wwise\AKSamples\SoundEngine\Common\AkFileLocationBase.cpp">
      <Filter>include\Wwise\AKSamples\SoundEngine\Common</Filter>
    </ClCompile>
    <ClCompile Include="..\include\Wwise\AKSamples\SoundEngine\Common\AkFilePackage.cpp">
      <Filter>include\Wwise\AKSamples\SoundEngine\Common</Filter>
    </ClCompile>
    <ClCompile Include="..\include\Wwise\AKSamples\SoundEngine\Common\AkFilePackageLUT.cpp">
      <Filter>include\Wwise\AKSamples\SoundEngine\Common</Filter>
    </ClCompile>
    <ClCompile Include="..\include\Wwise\AKSamples\SoundEngine\Common\AkGeneratedSoundBanksResolver.cpp">
      <Filter>include\Wwise\AKSamples\SoundEngine\Common</Filter>
    </ClCompile>
    <ClCompile Include="..\include\Wwise\AKSamples\SoundEngine\Common\AkJobWorkerMgr.cpp">
      <Filter>include\Wwise\AKSamples\SoundEngine\Common</Filter>
    </ClCompile>
    <ClCompile Include="..\include\Wwise\AKSamples\SoundEngine\Common\AkMultipleFileLocation.cpp">
      <Filter>include\Wwise\AKSamples\SoundEngine\Common</Filter>
    </ClCompile>
    <ClCompile Include="..\include\Wwise\AKSamples\SoundEngine\Common\AkPlatformProfilerHookStubs.cpp">
      <Filter>include\Wwise\AKSamples\SoundEngine\Common</Filter>
    </ClCompile>
    <ClCompile Include="..\src\Audio\AudioThread\Commands\Callback\AC_CB.cpp">
      <Filter>src\Audio\AudioThread\Commands\Callback</Filter>
    </ClCompile>
    <ClCompile Include="..\src\Audio\AudioThread\Commands\AC_PostEvent.cpp">
      <Filter>src\Audio\AudioThread\Commands</Filter>
    </ClCompile>
    <ClCompile Include="..\src\Audio\AudioThread\Commands\AC_RegisterObject.cpp">
      <Filter>src\Audio\AudioThread\Commands</Filter>
    </ClCompile>
    <ClCompile Include="..\src\Audio\AudioThread\Commands\AC_SendPluginGameData.cpp">
      <Filter>src\Audio\AudioThread\Commands</Filter>
    </ClCompile>
    <ClCompile Include="..\src\Audio\AudioThread\Commands\AC_SetDefaultListener.cpp">
      <Filter>src\Audio\AudioThread\Commands</Filter>
    </ClCompile>
    <ClCompile Include="..\src\Audio\AudioThread\Commands\AC_SetListener.cpp">
      <Filter>src\Audio\AudioThread\Commands</Filter>
    </ClCompile>
    <ClCompile Include="..\src\Audio\AudioThread\Commands\AC_SetState.cpp">
      <Filter>src\Audio\AudioThread\Commands</Filter>
    </ClCompile>
    <ClCompile Include="..\src\Audio\AudioThread\Commands\AC_UnregisterObject.cpp">
      <Filter>src\Audio\AudioThread\Commands</Filter>
    </ClCompile>
    <ClCompile Include="..\src\Audio\AudioThread\Plugin\AudioPluginInfo.cpp">
      <Filter>src\Audio\AudioThread\Plugin</Filter>
    </ClCompile>
    <ClCompile Include="..\src\Audio\GameThread\AudioNode.cpp">
      <Filter>src\Audio\GameThread</Filter>
    </ClCompile>
    <ClCompile Include="..\src\Audio\GameThread\AudioPoster.cpp">
      <Filter>src\Audio\GameThread</Filter>
    </ClCompile>
    <ClCompile Include="..\src\Audio\GameThread\RTPC\RTPCLerp.cpp">
      <Filter>src\Audio\GameThread\RTPC</Filter>
    </ClCompile>
    <ClCompile Include="..\src\Audio\GameThread\RTPC\RTPCManager.cpp">
      <Filter>src\Audio\GameThread\RTPC</Filter>
    </ClCompile>
    <ClCompile Include="..\src\Audio\GameThread\RTPC\RTPCObject.cpp">
      <Filter>src\Audio\GameThread\RTPC</Filter>
    </ClCompile>
    <ClCompile Include="..\src\Audio\GameThread\RTPC\Commands\RTPCC_Base.cpp">
      <Filter>src\Audio\GameThread\RTPC\Commands</Filter>
    </ClCompile>
    <ClCompile Include="..\src\Audio\GameThread\RTPC\Commands\RTPCC_LightParam.cpp">
      <Filter>src\Audio\GameThread\RTPC\Commands</Filter>
    </ClCompile>
    <ClCompile Include="..\src\App\DXApp.cpp">
      <Filter>src\App</Filter>
    </ClCompile>
    <ClCompile Include="..\src\App\MainWindow.cpp">
      <Filter>src\App</Filter>
    </ClCompile>
    <ClCompile Include="..\src\Camera\CamController.cpp">
      <Filter>src\Camera</Filter>
    </ClCompile>
    <ClCompile Include="..\src\Camera\Camera.cpp">
      <Filter>src\Camera</Filter>
    </ClCompile>
    <ClCompile Include="..\src\File\Buffer.cpp">
      <Filter>src\File</Filter>
    </ClCompile>
    <ClCompile Include="..\src\File\FileThread\FileThread.cpp">
      <Filter>src\File\FileThread</Filter>
    </ClCompile>
    <ClCompile Include="..\src\File\Commands\FC_LoadFiles.cpp">
      <Filter>src\File\Commands</Filter>
    </ClCompile>
    <ClCompile Include="..\src\File\CoordinatorThread\FileCoordinator.cpp">
      <Filter>src\File\CoordinatorThread</Filter>
    </ClCompile>
    <ClCompile Include="..\src\GameObject\GameObject.cpp">
      <Filter>src\GameObject</Filter>
    </ClCompile>
    <ClCompile Include="..\src\GameObject\GameObjectManager.cpp">
      <Filter>src\GameObject</Filter>
    </ClCompile>
    <ClCompile Include="..\src\GameObject\GameObjects\GameObj_Audio.cpp">
      <Filter>src\GameObject\GameObjects</Filter>
    </ClCompile>
    <ClCompile Include="..\src\GameObject\GameObjects\GameObj_Light.cpp">
      <Filter>src\GameObject\GameObjects</Filter>
    </ClCompile>
    <ClCompile Include="..\src\GameObject\GameObjects\GameObj_Root.cpp">
      <Filter>src\GameObject\GameObjects</Filter>
    </ClCompile>
    <ClCompile Include="..\src\GraphicsObject\GraphicsObject.cpp">
      <Filter>src\GraphicsObject</Filter>
    </ClCompile>
    <ClCompile Include="..\src\GraphicsObject\GraphicsObjectManager.cpp">
      <Filter>src\GraphicsObject</Filter>
    </ClCompile>
    <ClCompile Include="..\src\Lighting\LightParams.cpp">
      <Filter>src\Lighting</Filter>
    </ClCompile>
    <ClCompile Include="..\src\Lighting\SceneLightManager.cpp">
      <Filter>src\Lighting</Filter>
    </ClCompile>
    <ClCompile Include="..\src\Lighting\SceneLightObject.cpp">
      <Filter>src\Lighting</Filter>
    </ClCompile>
    <ClCompile Include="..\src\Lighting\Commands\LC_DeltaPos.cpp">
      <Filter>src\Lighting\Commands</Filter>
    </ClCompile>
    <ClCompile Include="..\src\Lighting\Controller\LightController.cpp">
      <Filter>src\Lighting\Controller</Filter>
    </ClCompile>
    <ClCompile Include="..\src\Lighting\Controller\LightParamController.cpp">
      <Filter>src\Lighting\Controller</Filter>
    </ClCompile>
    <ClCompile Include="..\src\Material\MaterialManager.cpp">
      <Filter>src\Material</Filter>
    </ClCompile>
    <ClCompile Include="..\src\Material\MaterialObject.cpp">
      <Filter>src\Material</Filter>
    </ClCompile>
    <ClCompile Include="..\src\Model\Model.cpp">
      <Filter>src\Model</Filter>
    </ClCompile>
    <ClCompile Include="..\src\Model\ModelManager.cpp">
      <Filter>src\Model</Filter>
    </ClCompile>
    <ClCompile Include="..\src\Model\ModelNode.cpp">
      <Filter>src\Model</Filter>
    </ClCompile>
    <ClCompile Include="..\src\Model\ModelTools.cpp">
      <Filter>src\Model</Filter>
    </ClCompile>
    <ClCompile Include="..\src\Model\Models\Model_AudioSpectrum.cpp">
      <Filter>src\Model\Models</Filter>
    </ClCompile>
    <ClCompile Include="..\src\Model\Models\Model_FlatPlane.cpp">
      <Filter>src\Model\Models</Filter>
    </ClCompile>
    <ClCompile Include="..\src\Model\Models\Model_Skybox.cpp">
      <Filter>src\Model\Models</Filter>
    </ClCompile>
    <ClCompile Include="..\src\Model\Models\Model_Terrain.cpp">
      <Filter>src\Model\Models</Filter>
    </ClCompile>
    <ClCompile Include="..\src\Model\Mesh\Mesh.cpp">
      <Filter>src\Model\Mesh</Filter>
    </ClCompile>
    <ClCompile Include="..\src\Reflection\ReflectionManager.cpp">
      <Filter>src\Reflection</Filter>
    </ClCompile>
    <ClCompile Include="..\src\Reflection\ReflectionPlane.cpp">
      <Filter>src\Reflection</Filter>
    </ClCompile>
    <ClCompile Include="..\src\Texture\TextureManager.cpp">
      <Filter>src\Texture</Filter>
    </ClCompile>
    <ClCompile Include="..\src\Texture\TextureNode.cpp">
      <Filter>src\Texture</Filter>
    </ClCompile>
    <ClCompile Include="..\src\Texture\TextureObject.cpp">
      <Filter>src\Texture</Filter>
    </ClCompile>
    <ClCompile Include="..\src\Texture\TextureObject_Multi.cpp">
      <Filter>src\Texture</Filter>
    </ClCompile>
    <ClCompile Include="..\src\Audio\AudioThread\AudioManager.cpp">
      <Filter>src\Audio\AudioThread</Filter>
    </ClCompile>
    <ClCompile Include="..\src\Audio\AudioThread\AudioObject.cpp">
      <Filter>src\Audio\AudioThread</Filter>
    </ClCompile>
    <ClCompile Include="..\src\Audio\AudioThread\AudioObjectManager.cpp">
      <Filter>src\Audio\AudioThread</Filter>
    </ClCompile>
    <ClCompile Include="..\src\Shader\_InputLayouts.cpp">
      <Filter>src\Shader</Filter>
    </ClCompile>
    <ClCompile Include="..\src\Shader\ShaderManager.cpp">
      <Filter>src\Shader</Filter>
    </ClCompile>
    <ClCompile Include="..\src\Shader\ShaderNode.cpp">
      <Filter>src\Shader</Filter>
    </ClCompile>
    <ClCompile Include="..\src\Shader\ShaderObject.cpp">
      <Filter>src\Shader</Filter>
    </ClCompile>
    <ClCompile Include="..\src\Shader\ShaderObjects\SO_BlendedTile.cpp">
      <Filter>src\Shader\ShaderObjects</Filter>
    </ClCompile>
    <ClCompile Include="..\src\Shader\ShaderObjects\SO_BlendedTile_1_3_1.cpp">
      <Filter>src\Shader\ShaderObjects</Filter>
    </ClCompile>
    <ClCompile Include="..\src\Shader\ShaderObjects\SO_ColorLight.cpp">
      <Filter>src\Shader\ShaderObjects</Filter>
    </ClCompile>
    <ClCompile Include="..\src\Shader\ShaderObjects\SO_ColorLight_1_3_1.cpp">
      <Filter>src\Shader\ShaderObjects</Filter>
    </ClCompile>
    <ClCompile Include="..\src\Shader\ShaderObjects\SO_ColorSelected3D.cpp">
      <Filter>src\Shader\ShaderObjects</Filter>
    </ClCompile>
    <ClCompile Include="..\src\Shader\ShaderObjects\SO_NULL.cpp">
      <Filter>src\Shader\ShaderObjects</Filter>
    </ClCompile>
    <ClCompile Include="..\src\Shader\ShaderObjects\SO_SimpleColor3D.cpp">
      <Filter>src\Shader\ShaderObjects</Filter>
    </ClCompile>
    <ClCompile Include="..\src\Shader\ShaderObjects\SO_SimpleTexture.cpp">
      <Filter>src\Shader\ShaderObjects</Filter>
    </ClCompile>
    <ClCompile Include="..\src\Shader\ShaderObjects\SO_TextureLight.cpp">
      <Filter>src\Shader\ShaderObjects</Filter>
    </ClCompile>
    <ClCompile Include="..\src\Shader\ShaderObjects\SO_TextureLight_1_3_1.cpp">
      <Filter>src\Shader\ShaderObjects</Filter>
    </ClCompile>
    <ClCompile Include="..\src\Shader\ShaderObjects\Audio\SO_MagnitudeLight.cpp">
      <Filter>src\Shader\ShaderObjects\Audio</Filter>
    </ClCompile>
    <ClCompile Include="..\src\Util\_ManagerWrapper.cpp">
      <Filter>src\Util</Filter>
    </ClCompile>
    <ClCompile Include="..\src\Util\d3dUtil.cpp">
      <Filter>src\Util</Filter>
    </ClCompile>
    <ClCompile Include="..\src\Util\DeltaMod.cpp">
      <Filter>src\Util</Filter>
    </ClCompile>
    <ClCompile Include="..\src\Util\EngineNames.cpp">
      <Filter>src\Util</Filter>
    </ClCompile>
    <ClCompile Include="..\src\Util\GameTimer.cpp">
      <Filter>src\Util</Filter>
    </ClCompile>
    <ClCompile Include="..\src\Shader\CBuffer\CBuffers.cpp">
      <Filter>src\Shader\CBuffer</Filter>
    </ClCompile>
    <ClCompile Include="..\src\Shader\CBuffer\SpectralRequest_CBuffer.cpp">
      <Filter>src\Shader\CBuffer</Filter>
    </ClCompile>
    <ClCompile Include="..\src\Shader\ShaderObjects\Audio\SO_SpectrumLight.cpp">
      <Filter>src\Shader\ShaderObjects\Audio</Filter>
    </ClCompile>
    <ClCompile Include="..\src\Proto\ProtoData_Wrapper.cpp">
      <Filter>src\Proto</Filter>
    </ClCompile>
    <ClCompile Include="..\..\Protos\AnimData.cpp">
      <Filter>Protos</Filter>
    </ClCompile>
    <ClCompile Include="..\..\Protos\AnimData.pb.cc">
      <Filter>Protos</Filter>
    </ClCompile>
    <ClCompile Include="..\..\Protos\ArmatureData.cpp">
      <Filter>Protos</Filter>
    </ClCompile>
    <ClCompile Include="..\..\Protos\ArmatureData.pb.cc">
      <Filter>Protos</Filter>
    </ClCompile>
    <ClCompile Include="..\..\Protos\BoundingObjectData.cpp">
      <Filter>Protos</Filter>
    </ClCompile>
    <ClCompile Include="..\..\Protos\BoundingObjectData.pb.cc">
      <Filter>Protos</Filter>
    </ClCompile>
    <ClCompile Include="..\..\Protos\MeshData.cpp">
      <Filter>Protos</Filter>
    </ClCompile>
    <ClCompile Include="..\..\Protos\MeshData.pb.cc">
      <Filter>Protos</Filter>
    </ClCompile>
    <ClCompile Include="..\..\Protos\ModelData.cpp">
      <Filter>Protos</Filter>
    </ClCompile>
    <ClCompile Include="..\..\Protos\ModelData.pb.cc">
      <Filter>Protos</Filter>
    </ClCompile>
    <ClCompile Include="..\..\Protos\ModelTextureData.cpp">
      <Filter>Protos</Filter>
    </ClCompile>
    <ClCompile Include="..\..\Protos\ModelTextureData.pb.cc">
      <Filter>Protos</Filter>
    </ClCompile>
    <ClCompile Include="..\..\Protos\SpriteSheetData.cpp">
      <Filter>Protos</Filter>
    </ClCompile>
    <ClCompile Include="..\..\Protos\SpriteSheetData.pb.cc">
      <Filter>Protos</Filter>
    </ClCompile>
    <ClCompile Include="..\..\Protos\TextureData.cpp">
      <Filter>Protos</Filter>
    </ClCompile>
    <ClCompile Include="..\..\Protos\TextureData.pb.cc">
      <Filter>Protos</Filter>
    </ClCompile>
    <ClCompile Include="..\..\Protos\VBOData.cpp">
      <Filter>Protos</Filter>
    </ClCompile>
    <ClCompile Include="..\..\Protos\VBOData.pb.cc">
      <Filter>Protos</Filter>
    </ClCompile>
  </ItemGroup>
  <ItemGroup>
    <ClInclude Include="..\include\EngineNames.h">
      <Filter>include</Filter>
    </ClInclude>
    <ClInclude Include="..\include\_Uncertain.h">
      <Filter>include</Filter>
    </ClInclude>
    <ClInclude Include="..\..\Framework\Framework.h">
      <Filter>Framework</Filter>
    </ClInclude>
    <ClInclude Include="..\..\Framework\ProjectSettings.h">
      <Filter>Framework</Filter>
    </ClInclude>
    <ClInclude Include="..\..\Framework\ThreadFramework.h">
      <Filter>Framework</Filter>
    </ClInclude>
    <ClInclude Include="..\include\DirectXTex.h">
      <Filter>include\DXTex\include</Filter>
    </ClInclude>
    <ClInclude Include="..\include\Wwise\AKSamples\SoundEngine\Win32\AkDefaultIOHookDeferred.h">
      <Filter>include\Wwise\AKSamples\SoundEngine\Win32</Filter>
    </ClInclude>
    <ClInclude Include="..\include\Wwise\AKSamples\SoundEngine\Win32\AkFileHelpers.h">
      <Filter>include\Wwise\AKSamples\SoundEngine\Win32</Filter>
    </ClInclude>
    <ClInclude Include="..\include\Wwise\AKSamples\SoundEngine\Win32\stdafx.h">
      <Filter>include\Wwise\AKSamples\SoundEngine\Win32</Filter>
    </ClInclude>
    <ClInclude Include="..\include\Wwise\AKSamples\SoundEngine\Common\AkDefaultLowLevelIODispatcher.h">
      <Filter>include\Wwise\AKSamples\SoundEngine\Common</Filter>
    </ClInclude>
    <ClInclude Include="..\include\Wwise\AKSamples\SoundEngine\Common\AkFileHelpersBase.h">
      <Filter>include\Wwise\AKSamples\SoundEngine\Common</Filter>
    </ClInclude>
    <ClInclude Include="..\include\Wwise\AKSamples\SoundEngine\Common\AkFileLocationBase.h">
      <Filter>include\Wwise\AKSamples\SoundEngine\Common</Filter>
    </ClInclude>
    <ClInclude Include="..\include\Wwise\AKSamples\SoundEngine\Common\AkFilePackage.h">
      <Filter>include\Wwise\AKSamples\SoundEngine\Common</Filter>
    </ClInclude>
    <ClInclude Include="..\include\Wwise\AKSamples\SoundEngine\Common\AkFilePackageLowLevelIO.h">
      <Filter>include\Wwise\AKSamples\SoundEngine\Common</Filter>
    </ClInclude>
    <ClInclude Include="..\include\Wwise\AKSamples\SoundEngine\Common\AkFilePackageLowLevelIODeferred.h">
      <Filter>include\Wwise\AKSamples\SoundEngine\Common</Filter>
    </ClInclude>
    <ClInclude Include="..\include\Wwise\AKSamples\SoundEngine\Common\AkFilePackageLUT.h">
      <Filter>include\Wwise\AKSamples\SoundEngine\Common</Filter>
    </ClInclude>
    <ClInclude Include="..\include\Wwise\AKSamples\SoundEngine\Common\AkGeneratedSoundBanksResolver.h">
      <Filter>include\Wwise\AKSamples\SoundEngine\Common</Filter>
    </ClInclude>
    <ClInclude Include="..\include\Wwise\AKSamples\SoundEngine\Common\AkJobWorkerMgr.h">
      <Filter>include\Wwise\AKSamples\SoundEngine\Common</Filter>
    </ClInclude>
    <ClInclude Include="..\include\Wwise\AKSamples\SoundEngine\Common\AkMultipleFileLocation.h">
      <Filter>include\Wwise\AKSamples\SoundEngine\Common</Filter>
    </ClInclude>
    <ClInclude Include="..\include\Wwise\AKSamples\SoundEngine\Common\AkPlatformProfilerHooks.h">
      <Filter>include\Wwise\AKSamples\SoundEngine\Common</Filter>
    </ClInclude>
    <ClInclude Include="..\src\Audio\_AudioCommandWrapper.h">
      <Filter>src\Audio</Filter>
    </ClInclude>
    <ClInclude Include="..\src\Audio\_WwiseHelpers.h">
      <Filter>src\Audio</Filter>
    </ClInclude>
    <ClInclude Include="..\src\Audio\AudioThread\Commands\Callback\AC_CB.h">
      <Filter>src\Audio\AudioThread\Commands\Callback</Filter>
    </ClInclude>
    <ClInclude Include="..\src\Audio\AudioThread\Commands\Callback\AC_CB_DAO.h">
      <Filter>src\Audio\AudioThread\Commands\Callback</Filter>
    </ClInclude>
    <ClInclude Include="..\src\Audio\AudioThread\Commands\_AudioThreadCommandWrapper.h">
      <Filter>src\Audio\AudioThread\Commands</Filter>
    </ClInclude>
    <ClInclude Include="..\src\Audio\AudioThread\Commands\AC_PostEvent.h">
      <Filter>src\Audio\AudioThread\Commands</Filter>
    </ClInclude>
    <ClInclude Include="..\src\Audio\AudioThread\Commands\AC_RegisterObject.h">
      <Filter>src\Audio\AudioThread\Commands</Filter>
    </ClInclude>
    <ClInclude Include="..\src\Audio\AudioThread\Commands\AC_SendPluginGameData.h">
      <Filter>src\Audio\AudioThread\Commands</Filter>
    </ClInclude>
    <ClInclude Include="..\src\Audio\AudioThread\Commands\AC_SetDefaultListener.h">
      <Filter>src\Audio\AudioThread\Commands</Filter>
    </ClInclude>
    <ClInclude Include="..\src\Audio\AudioThread\Commands\AC_SetListener.h">
      <Filter>src\Audio\AudioThread\Commands</Filter>
    </ClInclude>
    <ClInclude Include="..\src\Audio\AudioThread\Commands\AC_SetState.h">
      <Filter>src\Audio\AudioThread\Commands</Filter>
    </ClInclude>
    <ClInclude Include="..\src\Audio\AudioThread\Commands\AC_UnregisterObject.h">
      <Filter>src\Audio\AudioThread\Commands</Filter>
    </ClInclude>
    <ClInclude Include="..\src\Audio\AudioThread\Plugin\AudioPluginInfo.h">
      <Filter>src\Audio\AudioThread\Plugin</Filter>
    </ClInclude>
    <ClInclude Include="..\src\Audio\GameThread\AudioNode.h">
      <Filter>src\Audio\GameThread</Filter>
    </ClInclude>
    <ClInclude Include="..\src\Audio\GameThread\AudioPoster.h">
      <Filter>src\Audio\GameThread</Filter>
    </ClInclude>
    <ClInclude Include="..\src\Audio\GameThread\RTPC\RTPCLerp.h">
      <Filter>src\Audio\GameThread\RTPC</Filter>
    </ClInclude>
    <ClInclude Include="..\src\Audio\GameThread\RTPC\RTPCManager.h">
      <Filter>src\Audio\GameThread\RTPC</Filter>
    </ClInclude>
    <ClInclude Include="..\src\Audio\GameThread\RTPC\RTPCObject.h">
      <Filter>src\Audio\GameThread\RTPC</Filter>
    </ClInclude>
    <ClInclude Include="..\src\Audio\GameThread\RTPC\Commands\_RTPCCWrapper.h">
      <Filter>src\Audio\GameThread\RTPC\Commands</Filter>
    </ClInclude>
    <ClInclude Include="..\src\Audio\GameThread\RTPC\Commands\RTPCC_Base.h">
      <Filter>src\Audio\GameThread\RTPC\Commands</Filter>
    </ClInclude>
    <ClInclude Include="..\src\Audio\GameThread\RTPC\Commands\RTPCC_LightParam.h">
      <Filter>src\Audio\GameThread\RTPC\Commands</Filter>
    </ClInclude>
    <ClInclude Include="..\src\App\DXApp.h">
      <Filter>src\App</Filter>
    </ClInclude>
    <ClInclude Include="..\src\Camera\CamController.h">
      <Filter>src\Camera</Filter>
    </ClInclude>
    <ClInclude Include="..\src\Camera\Camera.h">
      <Filter>src\Camera</Filter>
    </ClInclude>
    <ClInclude Include="..\src\File\Buffer.h">
      <Filter>src\File</Filter>
    </ClInclude>
    <ClInclude Include="..\src\File\FileThread\FileThread.h">
      <Filter>src\File\FileThread</Filter>
    </ClInclude>
    <ClInclude Include="..\src\File\Commands\FC_LoadFiles.h">
      <Filter>src\File\Commands</Filter>
    </ClInclude>
    <ClInclude Include="..\src\File\CoordinatorThread\FileCoordinator.h">
      <Filter>src\File\CoordinatorThread</Filter>
    </ClInclude>
    <ClInclude Include="..\src\GameObject\GameObject.h">
      <Filter>src\GameObject</Filter>
    </ClInclude>
    <ClInclude Include="..\src\GameObject\GameObjectManager.h">
      <Filter>src\GameObject</Filter>
    </ClInclude>
    <ClInclude Include="..\src\GameObject\GameObjects\_GameObjectWrapper.h">
      <Filter>src\GameObject\GameObjects</Filter>
    </ClInclude>
    <ClInclude Include="..\src\GameObject\GameObjects\GameObj_Audio.h">
      <Filter>src\GameObject\GameObjects</Filter>
    </ClInclude>
    <ClInclude Include="..\src\GameObject\GameObjects\GameObj_Light.h">
      <Filter>src\GameObject\GameObjects</Filter>
    </ClInclude>
    <ClInclude Include="..\src\GameObject\GameObjects\GameObj_Root.h">
      <Filter>src\GameObject\GameObjects</Filter>
    </ClInclude>
    <ClInclude Include="..\src\GraphicsObject\GraphicsObject.h">
      <Filter>src\GraphicsObject</Filter>
    </ClInclude>
    <ClInclude Include="..\src\GraphicsObject\GraphicsObjectManager.h">
      <Filter>src\GraphicsObject</Filter>
    </ClInclude>
    <ClInclude Include="..\src\Lighting\LightParams.h">
      <Filter>src\Lighting</Filter>
    </ClInclude>
    <ClInclude Include="..\src\Lighting\SceneLightManager.h">
      <Filter>src\Lighting</Filter>
    </ClInclude>
    <ClInclude Include="..\src\Lighting\SceneLightObject.h">
      <Filter>src\Lighting</Filter>
    </ClInclude>
    <ClInclude Include="..\src\Lighting\Commands\_LightCommandWrapper.h">
      <Filter>src\Lighting\Commands</Filter>
    </ClInclude>
    <ClInclude Include="..\src\Lighting\Commands\LC_Debug.h">
      <Filter>src\Lighting\Commands</Filter>
    </ClInclude>
    <ClInclude Include="..\src\Lighting\Commands\LC_DeltaPos.h">
      <Filter>src\Lighting\Commands</Filter>
    </ClInclude>
    <ClInclude Include="..\src\Lighting\Controller\LightController.h">
      <Filter>src\Lighting\Controller</Filter>
    </ClInclude>
    <ClInclude Include="..\src\Lighting\Controller\LightParamController.h">
      <Filter>src\Lighting\Controller</Filter>
    </ClInclude>
    <ClInclude Include="..\src\Material\MaterialManager.h">
      <Filter>src\Material</Filter>
    </ClInclude>
    <ClInclude Include="..\src\Material\MaterialObject.h">
      <Filter>src\Material</Filter>
    </ClInclude>
    <ClInclude Include="..\src\Material\MaterialObject_NULL.h">
      <Filter>src\Material</Filter>
    </ClInclude>
    <ClInclude Include="..\src\Model\Model.h">
      <Filter>src\Model</Filter>
    </ClInclude>
    <ClInclude Include="..\src\Model\ModelManager.h">
      <Filter>src\Model</Filter>
    </ClInclude>
    <ClInclude Include="..\src\Model\ModelNode.h">
      <Filter>src\Model</Filter>
    </ClInclude>
    <ClInclude Include="..\src\Model\ModelTools.h">
      <Filter>src\Model</Filter>
    </ClInclude>
    <ClInclude Include="..\src\Model\Models\_ModelWrapper.h">
      <Filter>src\Model\Models</Filter>
    </ClInclude>
    <ClInclude Include="..\src\Model\Models\Model_AudioSpectrum.h">
      <Filter>src\Model\Models</Filter>
    </ClInclude>
    <ClInclude Include="..\src\Model\Models\Model_FlatPlane.h">
      <Filter>src\Model\Models</Filter>
    </ClInclude>
    <ClInclude Include="..\src\Model\Models\Model_NULL.h">
      <Filter>src\Model\Models</Filter>
    </ClInclude>
    <ClInclude Include="..\src\Model\Models\Model_Skybox.h">
      <Filter>src\Model\Models</Filter>
    </ClInclude>
    <ClInclude Include="..\src\Model\Models\Model_Terrain.h">
      <Filter>src\Model\Models</Filter>
    </ClInclude>
    <ClInclude Include="..\src\Model\Mesh\Mesh.h">
      <Filter>src\Model\Mesh</Filter>
    </ClInclude>
    <ClInclude Include="..\src\Reflection\ReflectionManager.h">
      <Filter>src\Reflection</Filter>
    </ClInclude>
    <ClInclude Include="..\src\Reflection\ReflectionPlane.h">
      <Filter>src\Reflection</Filter>
    </ClInclude>
    <ClInclude Include="..\src\Texture\TextureManager.h">
      <Filter>src\Texture</Filter>
    </ClInclude>
    <ClInclude Include="..\src\Texture\TextureNode.h">
      <Filter>src\Texture</Filter>
    </ClInclude>
    <ClInclude Include="..\src\Texture\TextureNode_NULL.h">
      <Filter>src\Texture</Filter>
    </ClInclude>
    <ClInclude Include="..\src\Texture\TextureObject.h">
      <Filter>src\Texture</Filter>
    </ClInclude>
    <ClInclude Include="..\src\Texture\TextureObject_Multi.h">
      <Filter>src\Texture</Filter>
    </ClInclude>
    <ClInclude Include="..\src\Texture\TextureObject_NULL.h">
      <Filter>src\Texture</Filter>
    </ClInclude>
    <ClInclude Include="..\src\Texture\TextureUtils.h">
      <Filter>src\Texture</Filter>
    </ClInclude>
    <ClInclude Include="..\include\_Helpers.h">
      <Filter>include</Filter>
    </ClInclude>
    <ClInclude Include="..\src\Audio\AudioThread\AudioManager.h">
      <Filter>src\Audio\AudioThread</Filter>
    </ClInclude>
    <ClInclude Include="..\src\Audio\AudioThread\AudioObject.h">
      <Filter>src\Audio\AudioThread</Filter>
    </ClInclude>
    <ClInclude Include="..\src\Audio\AudioThread\AudioObjectManager.h">
      <Filter>src\Audio\AudioThread</Filter>
    </ClInclude>
    <ClInclude Include="..\src\Shader\_InputLayouts.h">
      <Filter>src\Shader</Filter>
    </ClInclude>
    <ClInclude Include="..\src\Shader\ShaderManager.h">
      <Filter>src\Shader</Filter>
    </ClInclude>
    <ClInclude Include="..\src\Shader\ShaderNode.h">
      <Filter>src\Shader</Filter>
    </ClInclude>
    <ClInclude Include="..\src\Shader\ShaderObject.h">
      <Filter>src\Shader</Filter>
    </ClInclude>
    <ClInclude Include="..\src\Shader\ShaderObjects\_SOWrapper.h">
      <Filter>src\Shader\ShaderObjects</Filter>
    </ClInclude>
    <ClInclude Include="..\src\Shader\ShaderObjects\SO_BlendedTile.h">
      <Filter>src\Shader\ShaderObjects</Filter>
    </ClInclude>
    <ClInclude Include="..\src\Shader\ShaderObjects\SO_BlendedTile_1_3_1.h">
      <Filter>src\Shader\ShaderObjects</Filter>
    </ClInclude>
    <ClInclude Include="..\src\Shader\ShaderObjects\SO_ColorLight.h">
      <Filter>src\Shader\ShaderObjects</Filter>
    </ClInclude>
    <ClInclude Include="..\src\Shader\ShaderObjects\SO_ColorLight_1_3_1.h">
      <Filter>src\Shader\ShaderObjects</Filter>
    </ClInclude>
    <ClInclude Include="..\src\Shader\ShaderObjects\SO_ColorSelected3D.h">
      <Filter>src\Shader\ShaderObjects</Filter>
    </ClInclude>
    <ClInclude Include="..\src\Shader\ShaderObjects\SO_NULL.h">
      <Filter>src\Shader\ShaderObjects</Filter>
    </ClInclude>
    <ClInclude Include="..\src\Shader\ShaderObjects\SO_SimpleColor3D.h">
      <Filter>src\Shader\ShaderObjects</Filter>
    </ClInclude>
    <ClInclude Include="..\src\Shader\ShaderObjects\SO_SimpleTexture.h">
      <Filter>src\Shader\ShaderObjects</Filter>
    </ClInclude>
    <ClInclude Include="..\src\Shader\ShaderObjects\SO_TextureLight.h">
      <Filter>src\Shader\ShaderObjects</Filter>
    </ClInclude>
    <ClInclude Include="..\src\Shader\ShaderObjects\SO_TextureLight_1_3_1.h">
      <Filter>src\Shader\ShaderObjects</Filter>
    </ClInclude>
    <ClInclude Include="..\src\Shader\ShaderObjects\Audio\SO_MagnitudeLight.h">
      <Filter>src\Shader\ShaderObjects\Audio</Filter>
    </ClInclude>
    <ClInclude Include="..\src\Util\_ManagerWrapper.h">
      <Filter>src\Util</Filter>
    </ClInclude>
    <ClInclude Include="..\src\Util\d3dUtil.h">
      <Filter>src\Util</Filter>
    </ClInclude>
    <ClInclude Include="..\src\Util\DeltaMod.h">
      <Filter>src\Util</Filter>
    </ClInclude>
    <ClInclude Include="..\src\Util\GameTimer.h">
      <Filter>src\Util</Filter>
    </ClInclude>
    <ClInclude Include="..\src\Util\Utils.h">
      <Filter>src\Util</Filter>
    </ClInclude>
    <ClInclude Include="..\src\Shader\CBuffer\CBuffers.h">
      <Filter>src\Shader\CBuffer</Filter>
    </ClInclude>
    <ClInclude Include="..\src\Shader\CBuffer\SpectralRequest_CBuffer.h">
      <Filter>src\Shader\CBuffer</Filter>
    </ClInclude>
    <ClInclude Include="..\src\Util\AzulFileHdr.h">
      <Filter>src\Util</Filter>
    </ClInclude>
    <ClInclude Include="..\src\Shader\ShaderObjects\Audio\SO_SpectrumLight.h">
      <Filter>src\Shader\ShaderObjects\Audio</Filter>
    </ClInclude>
    <ClInclude Include="..\include\resource.h">
      <Filter>resource</Filter>
    </ClInclude>
    <ClInclude Include="..\src\Proto\ProtoData_Wrapper.h">
      <Filter>src\Proto</Filter>
    </ClInclude>
    <ClInclude Include="..\..\Protos\AnimData.h">
      <Filter>Protos</Filter>
    </ClInclude>
    <ClInclude Include="..\..\Protos\AnimData.pb.h">
      <Filter>Protos</Filter>
    </ClInclude>
    <ClInclude Include="..\..\Protos\ArmatureData.h">
      <Filter>Protos</Filter>
    </ClInclude>
    <ClInclude Include="..\..\Protos\ArmatureData.pb.h">
      <Filter>Protos</Filter>
    </ClInclude>
    <ClInclude Include="..\..\Protos\BoundingObjectData.h">
      <Filter>Protos</Filter>
    </ClInclude>
    <ClInclude Include="..\..\Protos\BoundingObjectData.pb.h">
      <Filter>Protos</Filter>
    </ClInclude>
    <ClInclude Include="..\..\Protos\MeshData.h">
      <Filter>Protos</Filter>
    </ClInclude>
    <ClInclude Include="..\..\Protos\MeshData.pb.h">
      <Filter>Protos</Filter>
    </ClInclude>
    <ClInclude Include="..\..\Protos\ModelData.h">
      <Filter>Protos</Filter>
    </ClInclude>
    <ClInclude Include="..\..\Protos\ModelData.pb.h">
      <Filter>Protos</Filter>
    </ClInclude>
    <ClInclude Include="..\..\Protos\ModelTextureData.h">
      <Filter>Protos</Filter>
    </ClInclude>
    <ClInclude Include="..\..\Protos\ModelTextureData.pb.h">
      <Filter>Protos</Filter>
    </ClInclude>
    <ClInclude Include="..\..\Protos\SpriteSheetData.h">
      <Filter>Protos</Filter>
    </ClInclude>
    <ClInclude Include="..\..\Protos\SpriteSheetData.pb.h">
      <Filter>Protos</Filter>
    </ClInclude>
    <ClInclude Include="..\..\Protos\stb_image.h">
      <Filter>Protos</Filter>
    </ClInclude>
    <ClInclude Include="..\..\Protos\TextureData.h">
      <Filter>Protos</Filter>
    </ClInclude>
    <ClInclude Include="..\..\Protos\TextureData.pb.h">
      <Filter>Protos</Filter>
    </ClInclude>
    <ClInclude Include="..\..\Protos\VBOData.h">
      <Filter>Protos</Filter>
    </ClInclude>
    <ClInclude Include="..\..\Protos\VBOData.pb.h">
      <Filter>Protos</Filter>
    </ClInclude>
  </ItemGroup>
  <ItemGroup>
    <Library Include="..\include\DirectXTex_X86Debug.lib">
      <Filter>include\DXTex\lib</Filter>
    </Library>
  </ItemGroup>
  <ItemGroup>
    <None Include="..\include\Wwise\AKSamples\SoundEngine\Common\AkFilePackageLowLevelIO.inl">
      <Filter>include\Wwise\AKSamples\SoundEngine\Common</Filter>
    </None>
    <None Include="..\..\Protos\AnimData.proto">
      <Filter>Protos</Filter>
    </None>
    <None Include="..\..\Protos\ArmatureData.proto">
      <Filter>Protos</Filter>
    </None>
    <None Include="..\..\Protos\BoundingObjectData.proto">
      <Filter>Protos</Filter>
    </None>
    <None Include="..\..\Protos\MeshData.proto">
      <Filter>Protos</Filter>
    </None>
    <None Include="..\..\Protos\ModelData.proto">
      <Filter>Protos</Filter>
    </None>
    <None Include="..\..\Protos\ModelTextureData.proto">
      <Filter>Protos</Filter>
    </None>
    <None Include="..\..\Protos\SpriteSheetData.proto">
      <Filter>Protos</Filter>
    </None>
    <None Include="..\..\Protos\TextureData.proto">
      <Filter>Protos</Filter>
    </None>
    <None Include="..\..\Protos\VBOData.proto">
      <Filter>Protos</Filter>
    </None>
  </ItemGroup>
  <ItemGroup>
    <ResourceCompile Include="..\resource\DXApplication.rc">
      <Filter>resource</Filter>
    </ResourceCompile>
  </ItemGroup>
  <ItemGroup>
    <Image Include="..\resource\directx.ico">
      <Filter>resource</Filter>
    </Image>
  </ItemGroup>
</Project>